{
    "_readme": [
        "This file locks the dependencies of your project to a known state",
        "Read more about it at https://getcomposer.org/doc/01-basic-usage.md#installing-dependencies",
        "This file is @generated automatically"
    ],
    "content-hash": "ebf052403d03c51d789fba6ed3983324",
    "packages": [
        {
            "name": "dstrop/thumper",
            "version": "dev-main",
            "dist": {
                "type": "path",
                "url": "../..",
                "reference": "f9edac73b4508ad50008bf4a437c6f41f02e0d16"
            },
            "require": {
                "spiral/goridge": "^4.2",
                "spiral/roadrunner-worker": "^3.5"
            },
            "require-dev": {
                "php": "^8.2",
                "phpcsstandards/php_codesniffer": "^3.10",
                "phpstan/phpstan": "^1.11"
            },
            "type": "library",
            "autoload": {
                "psr-4": {
                    "Thumper\\": "src/"
                }
            },
            "scripts": {
                "phpcs": [
                    "vendor/bin/phpcs --standard=PSR12 src"
                ],
                "phpstan": [
                    "vendor/bin/phpstan analyse src --level=9"
                ]
            },
            "transport-options": {
                "relative": true
            }
        },
        {
            "name": "psr/log",
            "version": "3.0.0",
            "source": {
                "type": "git",
                "url": "https://github.com/php-fig/log.git",
                "reference": "fe5ea303b0887d5caefd3d431c3e61ad47037001"
            },
            "dist": {
                "type": "zip",
                "url": "https://api.github.com/repos/php-fig/log/zipball/fe5ea303b0887d5caefd3d431c3e61ad47037001",
                "reference": "fe5ea303b0887d5caefd3d431c3e61ad47037001",
                "shasum": ""
            },
            "require": {
                "php": ">=8.0.0"
            },
            "type": "library",
            "extra": {
                "branch-alias": {
                    "dev-master": "3.x-dev"
                }
            },
            "autoload": {
                "psr-4": {
                    "Psr\\Log\\": "src"
                }
            },
            "notification-url": "https://packagist.org/downloads/",
            "license": [
                "MIT"
            ],
            "authors": [
                {
                    "name": "PHP-FIG",
                    "homepage": "https://www.php-fig.org/"
                }
            ],
            "description": "Common interface for logging libraries",
            "homepage": "https://github.com/php-fig/log",
            "keywords": [
                "log",
                "psr",
                "psr-3"
            ],
            "support": {
                "source": "https://github.com/php-fig/log/tree/3.0.0"
            },
            "time": "2021-07-14T16:46:02+00:00"
        },
        {
            "name": "spiral/goridge",
            "version": "v4.2.0",
            "source": {
                "type": "git",
                "url": "https://github.com/roadrunner-php/goridge.git",
                "reference": "c6696bd1834f5e88d1252a953a1336c041795411"
            },
            "dist": {
                "type": "zip",
                "url": "https://api.github.com/repos/roadrunner-php/goridge/zipball/c6696bd1834f5e88d1252a953a1336c041795411",
                "reference": "c6696bd1834f5e88d1252a953a1336c041795411",
                "shasum": ""
            },
            "require": {
                "ext-json": "*",
                "ext-sockets": "*",
                "php": ">=8.1",
                "spiral/roadrunner": "^2023 || ^2024.1"
            },
            "require-dev": {
                "google/protobuf": "^3.22",
                "infection/infection": "^0.26.1",
                "jetbrains/phpstorm-attributes": "^1.0",
                "phpunit/phpunit": "^10.0",
                "rybakit/msgpack": "^0.7",
                "vimeo/psalm": "^5.9"
            },
            "suggest": {
                "ext-msgpack": "MessagePack codec support",
                "ext-protobuf": "Protobuf codec support",
                "google/protobuf": "(^3.0) Protobuf codec support",
                "rybakit/msgpack": "(^0.7) MessagePack codec support"
            },
            "type": "goridge",
            "autoload": {
                "psr-4": {
                    "Spiral\\Goridge\\": "src"
                }
            },
            "notification-url": "https://packagist.org/downloads/",
            "license": [
                "MIT"
            ],
            "authors": [
                {
                    "name": "Anton Titov (wolfy-j)",
                    "email": "wolfy-j@spiralscout.com"
                },
                {
                    "name": "Valery Piashchynski",
                    "homepage": "https://github.com/rustatian"
                },
                {
                    "name": "Aleksei Gagarin (roxblnfk)",
                    "homepage": "https://github.com/roxblnfk"
                },
                {
                    "name": "Pavel Buchnev (butschster)",
                    "email": "pavel.buchnev@spiralscout.com"
                },
                {
                    "name": "Maksim Smakouz (msmakouz)",
                    "email": "maksim.smakouz@spiralscout.com"
                },
                {
                    "name": "RoadRunner Community",
                    "homepage": "https://github.com/roadrunner-server/roadrunner/graphs/contributors"
                }
            ],
            "description": "High-performance PHP-to-Golang RPC bridge",
            "homepage": "https://spiral.dev/",
            "support": {
                "chat": "https://discord.gg/V6EK4he",
                "docs": "https://docs.roadrunner.dev",
                "forum": "https://forum.roadrunner.dev/",
                "issues": "https://github.com/roadrunner-server/roadrunner/issues",
                "source": "https://github.com/roadrunner-php/goridge/tree/v4.2.0"
            },
            "funding": [
                {
                    "url": "https://github.com/sponsors/roadrunner-server",
                    "type": "github"
                }
            ],
            "time": "2024-04-11T17:26:14+00:00"
        },
        {
            "name": "spiral/roadrunner",
            "version": "v2024.1.2",
            "source": {
                "type": "git",
                "url": "https://github.com/roadrunner-server/roadrunner.git",
                "reference": "8e80f7ce055a7c56dedbb6af281ec2531e0c403f"
            },
            "dist": {
                "type": "zip",
                "url": "https://api.github.com/repos/roadrunner-server/roadrunner/zipball/8e80f7ce055a7c56dedbb6af281ec2531e0c403f",
                "reference": "8e80f7ce055a7c56dedbb6af281ec2531e0c403f",
                "shasum": ""
            },
            "type": "metapackage",
            "notification-url": "https://packagist.org/downloads/",
            "license": [
                "MIT"
            ],
            "authors": [
                {
                    "name": "Anton Titov / Wolfy-J",
                    "email": "wolfy.jd@gmail.com"
                },
                {
                    "name": "Valery Piashchynski",
                    "homepage": "https://github.com/rustatian"
                },
                {
                    "name": "RoadRunner Community",
                    "homepage": "https://github.com/roadrunner-server/roadrunner/graphs/contributors"
                }
            ],
            "description": "RoadRunner: High-performance PHP application server and process manager written in Go and powered with plugins",
            "homepage": "https://roadrunner.dev/",
            "support": {
                "chat": "https://discord.gg/V6EK4he",
                "docs": "https://roadrunner.dev/docs",
                "forum": "https://forum.roadrunner.dev/",
                "issues": "https://github.com/roadrunner-server/roadrunner/issues",
                "source": "https://github.com/roadrunner-server/roadrunner/tree/v2024.1.2"
            },
            "funding": [
                {
                    "url": "https://github.com/sponsors/roadrunner-server",
                    "type": "github"
                }
            ],
            "time": "2024-05-16T19:38:52+00:00"
        },
        {
            "name": "spiral/roadrunner-worker",
            "version": "v3.5.0",
            "source": {
                "type": "git",
                "url": "https://github.com/roadrunner-php/worker.git",
                "reference": "7c7411a301b9dade863634ab17ef01929adada6b"
            },
            "dist": {
                "type": "zip",
                "url": "https://api.github.com/repos/roadrunner-php/worker/zipball/7c7411a301b9dade863634ab17ef01929adada6b",
                "reference": "7c7411a301b9dade863634ab17ef01929adada6b",
                "shasum": ""
            },
            "require": {
                "composer-runtime-api": "^2.0",
                "ext-json": "*",
                "ext-sockets": "*",
                "php": ">=8.1",
                "psr/log": "^2.0 || ^3.0",
                "spiral/goridge": "^4.1.0",
                "spiral/roadrunner": "^2023.1 || ^2024.1"
            },
            "require-dev": {
                "jetbrains/phpstorm-attributes": "^1.0",
                "phpunit/phpunit": "^10.0",
                "symfony/var-dumper": "^6.3 || ^7.0",
                "vimeo/psalm": "^5.9"
            },
            "suggest": {
                "spiral/roadrunner-cli": "Provides RoadRunner installation and management CLI tools"
            },
            "type": "library",
            "autoload": {
                "psr-4": {
                    "Spiral\\RoadRunner\\": "src"
                }
            },
            "notification-url": "https://packagist.org/downloads/",
            "license": [
                "MIT"
            ],
            "authors": [
                {
                    "name": "Anton Titov (wolfy-j)",
                    "email": "wolfy-j@spiralscout.com"
                },
                {
                    "name": "Valery Piashchynski",
                    "homepage": "https://github.com/rustatian"
                },
                {
                    "name": "Aleksei Gagarin (roxblnfk)",
                    "homepage": "https://github.com/roxblnfk"
                },
                {
                    "name": "Pavel Buchnev (butschster)",
                    "email": "pavel.buchnev@spiralscout.com"
                },
                {
                    "name": "Maksim Smakouz (msmakouz)",
                    "email": "maksim.smakouz@spiralscout.com"
                },
                {
                    "name": "RoadRunner Community",
                    "homepage": "https://github.com/roadrunner-server/roadrunner/graphs/contributors"
                }
            ],
            "description": "RoadRunner: PHP worker",
            "homepage": "https://spiral.dev/",
            "support": {
                "chat": "https://discord.gg/V6EK4he",
                "docs": "https://docs.roadrunner.dev",
                "forum": "https://forum.roadrunner.dev/",
                "issues": "https://github.com/roadrunner-server/roadrunner/issues",
                "source": "https://github.com/roadrunner-php/worker/tree/v3.5.0"
            },
            "funding": [
                {
                    "url": "https://github.com/sponsors/roadrunner-server",
                    "type": "github"
                }
            ],
            "time": "2024-03-29T08:06:36+00:00"
        },
        {
            "name": "tracy/tracy",
            "version": "v2.10.7",
            "source": {
                "type": "git",
                "url": "https://github.com/nette/tracy.git",
                "reference": "7e7b25ba103968d5318d37db330b2e9c755dc765"
            },
            "dist": {
                "type": "zip",
                "url": "https://api.github.com/repos/nette/tracy/zipball/7e7b25ba103968d5318d37db330b2e9c755dc765",
                "reference": "7e7b25ba103968d5318d37db330b2e9c755dc765",
                "shasum": ""
            },
            "require": {
                "ext-json": "*",
                "ext-session": "*",
                "php": ">=8.0 <8.4"
            },
            "conflict": {
                "nette/di": "<3.0"
            },
            "require-dev": {
                "latte/latte": "^2.5",
                "nette/di": "^3.0",
                "nette/http": "^3.0",
                "nette/mail": "^3.0",
                "nette/tester": "^2.2",
                "nette/utils": "^3.0",
                "phpstan/phpstan": "^1.0",
                "psr/log": "^1.0 || ^2.0 || ^3.0"
            },
            "type": "library",
            "extra": {
                "branch-alias": {
                    "dev-master": "2.10-dev"
                }
            },
            "autoload": {
                "files": [
                    "src/Tracy/functions.php"
                ],
                "classmap": [
                    "src"
                ]
            },
            "notification-url": "https://packagist.org/downloads/",
            "license": [
                "BSD-3-Clause"
            ],
            "authors": [
                {
                    "name": "David Grudl",
                    "homepage": "https://davidgrudl.com"
                },
                {
                    "name": "Nette Community",
                    "homepage": "https://nette.org/contributors"
                }
            ],
            "description": "😎  Tracy: the addictive tool to ease debugging PHP code for cool developers. Friendly design, logging, profiler, advanced features like debugging AJAX calls or CLI support. You will love it.",
            "homepage": "https://tracy.nette.org",
            "keywords": [
                "Xdebug",
                "debug",
                "debugger",
                "nette",
                "profiler"
            ],
            "support": {
                "issues": "https://github.com/nette/tracy/issues",
                "source": "https://github.com/nette/tracy/tree/v2.10.7"
            },
            "time": "2024-04-29T11:44:00+00:00"
        }
    ],
    "packages-dev": [],
    "aliases": [],
    "minimum-stability": "stable",
    "stability-flags": {
        "dstrop/thumper": 20
    },
    "prefer-stable": false,
    "prefer-lowest": false,
    "platform": [],
    "platform-dev": [],
    "plugin-api-version": "2.6.0"
}
